Microsoft Visual Studio Solution File, Format Version 11.00
# Visual Studio 2008

Project("{F07051AC-2281-AD6F-A65B-5F29B652F8EA}") = "unity3ddemo", "Assembly-CSharp.csproj", "{1B644359-0773-E66E-6E53-6E329F450302}"
EndProject
Global
	GlobalSection(SolutionConfigurationPlatforms) = preSolution
		Debug|Any CPU = Debug|Any CPU
		Release|Any CPU = Release|Any CPU
	EndGlobalSection
	GlobalSection(ProjectConfigurationPlatforms) = postSolution
		{1B644359-0773-E66E-6E53-6E329F450302}.Debug|Any CPU.ActiveCfg = Debug|Any CPU
		{1B644359-0773-E66E-6E53-6E329F450302}.Debug|Any CPU.Build.0 = Debug|Any CPU
		{1B644359-0773-E66E-6E53-6E329F450302}.Release|Any CPU.ActiveCfg = Release|Any CPU
		{1B644359-0773-E66E-6E53-6E329F450302}.Release|Any CPU.Build.0 = Release|Any CPU
	EndGlobalSection
	GlobalSection(SolutionProperties) = preSolution
		HideSolutionNode = FALSE
	EndGlobalSection
	GlobalSection(MonoDevelopProperties) = preSolution
		StartupItem = Assembly-CSharp.csproj
	EndGlobalSection
EndGlobal
